
Microsoft Visual Studio Solution File, Format Version 12.00
# Visual Studio 15
VisualStudioVersion = 15.0.27703.2047
MinimumVisualStudioVersion = 10.0.40219.1
Project("{8BC9CEB8-8B4A-11D0-8D11-00A0C91BC942}") = "Robo", "Robo\Robo.vcxproj", "{30427E8B-1578-429F-B170-C1A2C202F285}"
EndProject
Global
	GlobalSection(SolutionConfigurationPlatforms) = preSolution
		Debug|x64 = Debug|x64
		Debug|x86 = Debug|x86
		Release|x64 = Release|x64
		Release|x86 = Release|x86
	EndGlobalSection
	GlobalSection(ProjectConfigurationPlatforms) = postSolution
		{30427E8B-1578-429F-B170-C1A2C202F285}.Debug|x64.ActiveCfg = Debug|x64
		{30427E8B-1578-429F-B170-C1A2C202F285}.Debug|x64.Build.0 = Debug|x64
		{30427E8B-1578-429F-B170-C1A2C202F285}.Debug|x86.ActiveCfg = Debug|Win32
		{30427E8B-1578-429F-B170-C1A2C202F285}.Debug|x86.Build.0 = Debug|Win32
		{30427E8B-1578-429F-B170-C1A2C202F285}.Release|x64.ActiveCfg = Release|x64
		{30427E8B-1578-429F-B170-C1A2C202F285}.Release|x64.Build.0 = Release|x64
		{30427E8B-1578-429F-B170-C1A2C202F285}.Release|x86.ActiveCfg = Release|Win32
		{30427E8B-1578-429F-B170-C1A2C202F285}.Release|x86.Build.0 = Release|Win32
	EndGlobalSection
	GlobalSection(SolutionProperties) = preSolution
		HideSolutionNode = FALSE
	EndGlobalSection
	GlobalSection(ExtensibilityGlobals) = postSolution
		SolutionGuid = {8313A66C-46FC-4C54-A9C1-D2F780F11F93}
	EndGlobalSection
EndGlobal
